
Microsoft Visual Studio Solution File, Format Version 12.00
# Visual Studio 15
VisualStudioVersion = 15.0.28010.2003
MinimumVisualStudioVersion = 10.0.40219.1
Project("{9A19103F-16F7-4668-BE54-9A1E7A4F7556}") = "Glossary.Api", "Glossary.Api\Glossary.Api.csproj", "{B88947E8-1EF7-42DA-86CA-3551213EB860}"
EndProject
Project("{9A19103F-16F7-4668-BE54-9A1E7A4F7556}") = "Glossary.BusinessServices", "Glossary.BusinessServices\Glossary.BusinessServices.csproj", "{988CF1E6-B94B-48C1-84DE-575DA8C4A54C}"
EndProject
Project("{9A19103F-16F7-4668-BE54-9A1E7A4F7556}") = "Glossary.UnitTests", "Glossary.UnitTests\Glossary.UnitTests.csproj", "{416E491F-EFAD-4C0D-B035-63CF0D78AD88}"
EndProject
Global
	GlobalSection(SolutionConfigurationPlatforms) = preSolution
		Debug|Any CPU = Debug|Any CPU
		Release|Any CPU = Release|Any CPU
	EndGlobalSection
	GlobalSection(ProjectConfigurationPlatforms) = postSolution
		{B88947E8-1EF7-42DA-86CA-3551213EB860}.Debug|Any CPU.ActiveCfg = Debug|Any CPU
		{B88947E8-1EF7-42DA-86CA-3551213EB860}.Debug|Any CPU.Build.0 = Debug|Any CPU
		{B88947E8-1EF7-42DA-86CA-3551213EB860}.Release|Any CPU.ActiveCfg = Release|Any CPU
		{B88947E8-1EF7-42DA-86CA-3551213EB860}.Release|Any CPU.Build.0 = Release|Any CPU
		{988CF1E6-B94B-48C1-84DE-575DA8C4A54C}.Debug|Any CPU.ActiveCfg = Debug|Any CPU
		{988CF1E6-B94B-48C1-84DE-575DA8C4A54C}.Debug|Any CPU.Build.0 = Debug|Any CPU
		{988CF1E6-B94B-48C1-84DE-575DA8C4A54C}.Release|Any CPU.ActiveCfg = Release|Any CPU
		{988CF1E6-B94B-48C1-84DE-575DA8C4A54C}.Release|Any CPU.Build.0 = Release|Any CPU
		{416E491F-EFAD-4C0D-B035-63CF0D78AD88}.Debug|Any CPU.ActiveCfg = Debug|Any CPU
		{416E491F-EFAD-4C0D-B035-63CF0D78AD88}.Debug|Any CPU.Build.0 = Debug|Any CPU
		{416E491F-EFAD-4C0D-B035-63CF0D78AD88}.Release|Any CPU.ActiveCfg = Release|Any CPU
		{416E491F-EFAD-4C0D-B035-63CF0D78AD88}.Release|Any CPU.Build.0 = Release|Any CPU
	EndGlobalSection
	GlobalSection(SolutionProperties) = preSolution
		HideSolutionNode = FALSE
	EndGlobalSection
	GlobalSection(ExtensibilityGlobals) = postSolution
		SolutionGuid = {F2B60C5D-56B6-46CE-A50F-AB6A7986FE76}
	EndGlobalSection
EndGlobal
